// !$*UTF8*$!
{
	archiveVersion = 1;
	classes = {
	};
	objectVersion = 50;
	objects = {

/* Begin PBXBuildFile section */
		9102676721B8C6AA00ABA442 /* AppDelegate.swift in Sources */ = {isa = PBXBuildFile; fileRef = 9102676621B8C6AA00ABA442 /* AppDelegate.swift */; };
		9102676921B8C6AA00ABA442 /* ViewController.swift in Sources */ = {isa = PBXBuildFile; fileRef = 9102676821B8C6AA00ABA442 /* ViewController.swift */; };
		9102676C21B8C6AA00ABA442 /* Main.storyboard in Resources */ = {isa = PBXBuildFile; fileRef = 9102676A21B8C6AA00ABA442 /* Main.storyboard */; };
		9102676E21B8C6AA00ABA442 /* Assets.xcassets in Resources */ = {isa = PBXBuildFile; fileRef = 9102676D21B8C6AA00ABA442 /* Assets.xcassets */; };
		9102677121B8C6AA00ABA442 /* LaunchScreen.storyboard in Resources */ = {isa = PBXBuildFile; fileRef = 9102676F21B8C6AA00ABA442 /* LaunchScreen.storyboard */; };
		9102C07021BAA50B0055DC14 /* GameOverViewController.swift in Sources */ = {isa = PBXBuildFile; fileRef = 9102C06F21BAA50B0055DC14 /* GameOverViewController.swift */; };
		9102C07221BAA7780055DC14 /* GamePlayViewController.swift in Sources */ = {isa = PBXBuildFile; fileRef = 9102C07121BAA7780055DC14 /* GamePlayViewController.swift */; };
/* End PBXBuildFile section */

/* Begin PBXFileReference section */
		9102676321B8C6AA00ABA442 /* Matching Game.app */ = {isa = PBXFileReference; explicitFileType = wrapper.application; includeInIndex = 0; path = "Matching Game.app"; sourceTree = BUILT_PRODUCTS_DIR; };
		9102676621B8C6AA00ABA442 /* AppDelegate.swift */ = {isa = PBXFileReference; lastKnownFileType = sourcecode.swift; path = AppDelegate.swift; sourceTree = "<group>"; };
		9102676821B8C6AA00ABA442 /* ViewController.swift */ = {isa = PBXFileReference; lastKnownFileType = sourcecode.swift; path = ViewController.swift; sourceTree = "<group>"; };
		9102676B21B8C6AA00ABA442 /* Base */ = {isa = PBXFileReference; lastKnownFileType = file.storyboard; name = Base; path = Base.lproj/Main.storyboard; sourceTree = "<group>"; };
		9102676D21B8C6AA00ABA442 /* Assets.xcassets */ = {isa = PBXFileReference; lastKnownFileType = folder.assetcatalog; path = Assets.xcassets; sourceTree = "<group>"; };
		9102677021B8C6AA00ABA442 /* Base */ = {isa = PBXFileReference; lastKnownFileType = file.storyboard; name = Base; path = Base.lproj/LaunchScreen.storyboard; sourceTree = "<group>"; };
		9102677221B8C6AA00ABA442 /* Info.plist */ = {isa = PBXFileReference; lastKnownFileType = text.plist.xml; path = Info.plist; sourceTree = "<group>"; };
		9102C06F21BAA50B0055DC14 /* GameOverViewController.swift */ = {isa = PBXFileReference; lastKnownFileType = sourcecode.swift; path = GameOverViewController.swift; sourceTree = "<group>"; };
		9102C07121BAA7780055DC14 /* GamePlayViewController.swift */ = {isa = PBXFileReference; lastKnownFileType = sourcecode.swift; path = GamePlayViewController.swift; sourceTree = "<group>"; };
/* End PBXFileReference section */

/* Begin PBXFrameworksBuildPhase section */
		9102676021B8C6AA00ABA442 /* Frameworks */ = {
			isa = PBXFrameworksBuildPhase;
			buildActionMask = 2147483647;
			files = (
			);
			runOnlyForDeploymentPostprocessing = 0;
		};
/* End PBXFrameworksBuildPhase section */

/* Begin PBXGroup section */
		9102675A21B8C6A900ABA442 = {
			isa = PBXGroup;
			children = (
				9102676521B8C6AA00ABA442 /* Matching Game */,
				9102676421B8C6AA00ABA442 /* Products */,
			);
			sourceTree = "<group>";
		};
		9102676421B8C6AA00ABA442 /* Products */ = {
			isa = PBXGroup;
			children = (
				9102676321B8C6AA00ABA442 /* Matching Game.app */,
			);
			name = Products;
			sourceTree = "<group>";
		};
		9102676521B8C6AA00ABA442 /* Matching Game */ = {
			isa = PBXGroup;
			children = (
				9102C06F21BAA50B0055DC14 /* GameOverViewController.swift */,
				9102676621B8C6AA00ABA442 /* AppDelegate.swift */,
				9102676821B8C6AA00ABA442 /* ViewController.swift */,
				9102676A21B8C6AA00ABA442 /* Main.storyboard */,
				9102C07121BAA7780055DC14 /* GamePlayViewController.swift */,
				9102676D21B8C6AA00ABA442 /* Assets.xcassets */,
				9102676F21B8C6AA00ABA442 /* LaunchScreen.storyboard */,
				9102677221B8C6AA00ABA442 /* Info.plist */,
			);
			path = "Matching Game";
			sourceTree = "<group>";
		};
/* End PBXGroup section */

/* Begin PBXNativeTarget section */
		9102676221B8C6AA00ABA442 /* Matching Game */ = {
			isa = PBXNativeTarget;
			buildConfigurationList = 9102677521B8C6AA00ABA442 /* Build configuration list for PBXNativeTarget "Matching Game" */;
			buildPhases = (
				9102675F21B8C6AA00ABA442 /* Sources */,
				9102676021B8C6AA00ABA442 /* Frameworks */,
				9102676121B8C6AA00ABA442 /* Resources */,
			);
			buildRules = (
			);
			dependencies = (
			);
			name = "Matching Game";
			productName = "Matching Game";
			productReference = 9102676321B8C6AA00ABA442 /* Matching Game.app */;
			productType = "com.apple.product-type.application";
		};
/* End PBXNativeTarget section */

/* Begin PBXProject section */
		9102675B21B8C6A900ABA442 /* Project object */ = {
			isa = PBXProject;
			attributes = {
				LastSwiftUpdateCheck = 1010;
				LastUpgradeCheck = 1010;
				ORGANIZATIONNAME = alcoderithm;
				TargetAttributes = {
					9102676221B8C6AA00ABA442 = {
						CreatedOnToolsVersion = 10.1;
					};
				};
			};
			buildConfigurationList = 9102675E21B8C6A900ABA442 /* Build configuration list for PBXProject "Matching Game" */;
			compatibilityVersion = "Xcode 9.3";
			developmentRegion = en;
			hasScannedForEncodings = 0;
			knownRegions = (
				en,
				Base,
			);
			mainGroup = 9102675A21B8C6A900ABA442;
			productRefGroup = 9102676421B8C6AA00ABA442 /* Products */;
			projectDirPath = "";
			projectRoot = "";
			targets = (
				9102676221B8C6AA00ABA442 /* Matching Game */,
			);
		};
/* End PBXProject section */

/* Begin PBXResourcesBuildPhase section */
		9102676121B8C6AA00ABA442 /* Resources */ = {
			isa = PBXResourcesBuildPhase;
			buildActionMask = 2147483647;
			files = (
				9102677121B8C6AA00ABA442 /* LaunchScreen.storyboard in Resources */,
				9102676E21B8C6AA00ABA442 /* Assets.xcassets in Resources */,
				9102676C21B8C6AA00ABA442 /* Main.storyboard in Resources */,
			);
			runOnlyForDeploymentPostprocessing = 0;
		};
/* End PBXResourcesBuildPhase section */

/* Begin PBXSourcesBuildPhase section */
		9102675F21B8C6AA00ABA442 /* Sources */ = {
			isa = PBXSourcesBuildPhase;
			buildActionMask = 2147483647;
			files = (
				9102676921B8C6AA00ABA442 /* ViewController.swift in Sources */,
				9102676721B8C6AA00ABA442 /* AppDelegate.swift in Sources */,
				9102C07221BAA7780055DC14 /* GamePlayViewController.swift in Sources */,
				9102C07021BAA50B0055DC14 /* GameOverViewController.swift in Sources */,
			);
			runOnlyForDeploymentPostprocessing = 0;
		};
/* End PBXSourcesBuildPhase section */

/* Begin PBXVariantGroup section */
		9102676A21B8C6AA00ABA442 /* Main.storyboard */ = {
			isa = PBXVariantGroup;
			children = (
				9102676B21B8C6AA00ABA442 /* Base */,
			);
			name = Main.storyboard;
			sourceTree = "<group>";
		};
		9102676F21B8C6AA00ABA442 /* LaunchScreen.storyboard */ = {
			isa = PBXVariantGroup;
			children = (
				9102677021B8C6AA00ABA442 /* Base */,
			);
			name = LaunchScreen.storyboard;
			sourceTree = "<group>";
		};
/* End PBXVariantGroup section */

/* Begin XCBuildConfiguration section */
		9102677321B8C6AA00ABA442 /* Debug */ = {
			isa = XCBuildConfiguration;
			buildSettings = {
				ALWAYS_SEARCH_USER_PATHS = NO;
				CLANG_ANALYZER_NONNULL = YES;
				CLANG_ANALYZER_NUMBER_OBJECT_CONVERSION = YES_AGGRESSIVE;
				CLANG_CXX_LANGUAGE_STANDARD = "gnu++14";
				CLANG_CXX_LIBRARY = "libc++";
				CLANG_ENABLE_MODULES = YES;
				CLANG_ENABLE_OBJC_ARC = YES;
				CLANG_ENABLE_OBJC_WEAK = YES;
				CLANG_WARN_BLOCK_CAPTURE_AUTORELEASING = YES;
				CLANG_WARN_BOOL_CONVERSION = YES;
				CLANG_WARN_COMMA = YES;
				CLANG_WARN_CONSTANT_CONVERSION = YES;
				CLANG_WARN_DEPRECATED_OBJC_IMPLEMENTATIONS = YES;
				CLANG_WARN_DIRECT_OBJC_ISA_USAGE = YES_ERROR;
				CLANG_WARN_DOCUMENTATION_COMMENTS = YES;
				CLANG_WARN_EMPTY_BODY = YES;
				CLANG_WARN_ENUM_CONVERSION = YES;
				CLANG_WARN_INFINITE_RECURSION = YES;
				CLANG_WARN_INT_CONVERSION = YES;
				CLANG_WARN_NON_LITERAL_NULL_CONVERSION = YES;
				CLANG_WARN_OBJC_IMPLICIT_RETAIN_SELF = YES;
				CLANG_WARN_OBJC_LITERAL_CONVERSION = YES;
				CLANG_WARN_OBJC_ROOT_CLASS = YES_ERROR;
				CLANG_WARN_RANGE_LOOP_ANALYSIS = YES;
				CLANG_WARN_STRICT_PROTOTYPES = YES;
				CLANG_WARN_SUSPICIOUS_MOVE = YES;
				CLANG_WARN_UNGUARDED_AVAILABILITY = YES_AGGRESSIVE;
				CLANG_WARN_UNREACHABLE_CODE = YES;
				CLANG_WARN__DUPLICATE_METHOD_MATCH = YES;
				CODE_SIGN_IDENTITY = "iPhone Developer";
				COPY_PHASE_STRIP = NO;
				DEBUG_INFORMATION_FORMAT = dwarf;
				ENABLE_STRICT_OBJC_MSGSEND = YES;
				ENABLE_TESTABILITY = YES;
				GCC_C_LANGUAGE_STANDARD = gnu11;
				GCC_DYNAMIC_NO_PIC = NO;
				GCC_NO_COMMON_BLOCKS = YES;
				GCC_OPTIMIZATION_LEVEL = 0;
				GCC_PREPROCESSOR_DEFINITIONS = (
					"DEBUG=1",
					"$(inherited)",
				);
				GCC_WARN_64_TO_32_BIT_CONVERSION = YES;
				GCC_WARN_ABOUT_RETURN_TYPE = YES_ERROR;
				GCC_WARN_UNDECLARED_SELECTOR = YES;
				GCC_WARN_UNINITIALIZED_AUTOS = YES_AGGRESSIVE;
				GCC_WARN_UNUSED_FUNCTION = YES;
				GCC_WARN_UNUSED_VARIABLE = YES;
				IPHONEOS_DEPLOYMENT_TARGET = 12.1;
				MTL_ENABLE_DEBUG_INFO = INCLUDE_SOURCE;
				MTL_FAST_MATH = YES;
				ONLY_ACTIVE_ARCH = YES;
				SDKROOT = iphoneos;
				SWIFT_ACTIVE_COMPILATION_CONDITIONS = DEBUG;
				SWIFT_OPTIMIZATION_LEVEL = "-Onone";
			};
			name = Debug;
		};
		9102677421B8C6AA00ABA442 /* Release */ = {
			isa = XCBuildConfiguration;
			buildSettings = {
				ALWAYS_SEARCH_USER_PATHS = NO;
				CLANG_ANALYZER_NONNULL = YES;
				CLANG_ANALYZER_NUMBER_OBJECT_CONVERSION = YES_AGGRESSIVE;
				CLANG_CXX_LANGUAGE_STANDARD = "gnu++14";
				CLANG_CXX_LIBRARY = "libc++";
				CLANG_ENABLE_MODULES = YES;
				CLANG_ENABLE_OBJC_ARC = YES;
				CLANG_ENABLE_OBJC_WEAK = YES;
				CLANG_WARN_BLOCK_CAPTURE_AUTORELEASING = YES;
				CLANG_WARN_BOOL_CONVERSION = YES;
				CLANG_WARN_COMMA = YES;
				CLANG_WARN_CONSTANT_CONVERSION = YES;
				CLANG_WARN_DEPRECATED_OBJC_IMPLEMENTATIONS = YES;
				CLANG_WARN_DIRECT_OBJC_ISA_USAGE = YES_ERROR;
				CLANG_WARN_DOCUMENTATION_COMMENTS = YES;
				CLANG_WARN_EMPTY_BODY = YES;
				CLANG_WARN_ENUM_CONVERSION = YES;
				CLANG_WARN_INFINITE_RECURSION = YES;
				CLANG_WARN_INT_CONVERSION = YES;
				CLANG_WARN_NON_LITERAL_NULL_CONVERSION = YES;
				CLANG_WARN_OBJC_IMPLICIT_RETAIN_SELF = YES;
				CLANG_WARN_OBJC_LITERAL_CONVERSION = YES;
				CLANG_WARN_OBJC_ROOT_CLASS = YES_ERROR;
				CLANG_WARN_RANGE_LOOP_ANALYSIS = YES;
				CLANG_WARN_STRICT_PROTOTYPES = YES;
				CLANG_WARN_SUSPICIOUS_MOVE = YES;
				CLANG_WARN_UNGUARDED_AVAILABILITY = YES_AGGRESSIVE;
				CLANG_WARN_UNREACHABLE_CODE = YES;
				CLANG_WARN__DUPLICATE_METHOD_MATCH = YES;
				CODE_SIGN_IDENTITY = "iPhone Developer";
				COPY_PHASE_STRIP = NO;
				DEBUG_INFORMATION_FORMAT = "dwarf-with-dsym";
				ENABLE_NS_ASSERTIONS = NO;
				ENABLE_STRICT_OBJC_MSGSEND = YES;
				GCC_C_LANGUAGE_STANDARD = gnu11;
				GCC_NO_COMMON_BLOCKS = YES;
				GCC_WARN_64_TO_32_BIT_CONVERSION = YES;
				GCC_WARN_ABOUT_RETURN_TYPE = YES_ERROR;
				GCC_WARN_UNDECLARED_SELECTOR = YES;
				GCC_WARN_UNINITIALIZED_AUTOS = YES_AGGRESSIVE;
				GCC_WARN_UNUSED_FUNCTION = YES;
				GCC_WARN_UNUSED_VARIABLE = YES;
				IPHONEOS_DEPLOYMENT_TARGET = 12.1;
				MTL_ENABLE_DEBUG_INFO = NO;
				MTL_FAST_MATH = YES;
				SDKROOT = iphoneos;
				SWIFT_COMPILATION_MODE = wholemodule;
				SWIFT_OPTIMIZATION_LEVEL = "-O";
				VALIDATE_PRODUCT = YES;
			};
			name = Release;
		};
		9102677621B8C6AA00ABA442 /* Debug */ = {
			isa = XCBuildConfiguration;
			buildSettings = {
				ASSETCATALOG_COMPILER_APPICON_NAME = AppIcon;
				CODE_SIGN_STYLE = Automatic;
				DEVELOPMENT_TEAM = YZMY3G5CKX;
				INFOPLIST_FILE = "Matching Game/Info.plist";
				IPHONEOS_DEPLOYMENT_TARGET = 12.0;
				LD_RUNPATH_SEARCH_PATHS = (
					"$(inherited)",
					"@executable_path/Frameworks",
				);
				PRODUCT_BUNDLE_IDENTIFIER = "com.alcoderithm.Matching-Game";
				PRODUCT_NAME = "$(TARGET_NAME)";
				SWIFT_VERSION = 4.2;
				TARGETED_DEVICE_FAMILY = "1,2";
			};
			name = Debug;
		};
		9102677721B8C6AA00ABA442 /* Release */ = {
			isa = XCBuildConfiguration;
			buildSettings = {
				ASSETCATALOG_COMPILER_APPICON_NAME = AppIcon;
				CODE_SIGN_STYLE = Automatic;
				DEVELOPMENT_TEAM = YZMY3G5CKX;
				INFOPLIST_FILE = "Matching Game/Info.plist";
				IPHONEOS_DEPLOYMENT_TARGET = 12.0;
				LD_RUNPATH_SEARCH_PATHS = (
					"$(inherited)",
					"@executable_path/Frameworks",
				);
				PRODUCT_BUNDLE_IDENTIFIER = "com.alcoderithm.Matching-Game";
				PRODUCT_NAME = "$(TARGET_NAME)";
				SWIFT_VERSION = 4.2;
				TARGETED_DEVICE_FAMILY = "1,2";
			};
			name = Release;
		};
/* End XCBuildConfiguration section */

/* Begin XCConfigurationList section */
		9102675E21B8C6A900ABA442 /* Build configuration list for PBXProject "Matching Game" */ = {
			isa = XCConfigurationList;
			buildConfigurations = (
				9102677321B8C6AA00ABA442 /* Debug */,
				9102677421B8C6AA00ABA442 /* Release */,
			);
			defaultConfigurationIsVisible = 0;
			defaultConfigurationName = Release;
		};
		9102677521B8C6AA00ABA442 /* Build configuration list for PBXNativeTarget "Matching Game" */ = {
			isa = XCConfigurationList;
			buildConfigurations = (
				9102677621B8C6AA00ABA442 /* Debug */,
				9102677721B8C6AA00ABA442 /* Release */,
			);
			defaultConfigurationIsVisible = 0;
			defaultConfigurationName = Release;
		};
/* End XCConfigurationList section */
	};
	rootObject = 9102675B21B8C6A900ABA442 /* Project object */;
}
